
Microsoft Visual Studio Solution File, Format Version 12.00
# Visual Studio Version 16
VisualStudioVersion = 16.0.30907.101
MinimumVisualStudioVersion = 10.0.40219.1
Project("{FAE04EC0-301F-11D3-BF4B-00C04F79EFBC}") = "mcp.Server", "mcp\Server\mcp.Server.csproj", "{07E6CD64-2347-43FA-9506-9B52F347F3BC}"
EndProject
Project("{FAE04EC0-301F-11D3-BF4B-00C04F79EFBC}") = "mcp.Client", "mcp\Client\mcp.Client.csproj", "{4764BE75-6721-4A69-909C-9AB9BAB55AEA}"
EndProject
Project("{FAE04EC0-301F-11D3-BF4B-00C04F79EFBC}") = "mcp.Shared", "mcp\Shared\mcp.Shared.csproj", "{4006060C-3AB8-42D4-8B82-A1F6908D7B95}"
EndProject
Global
	GlobalSection(SolutionConfigurationPlatforms) = preSolution
		Debug|Any CPU = Debug|Any CPU
		Release|Any CPU = Release|Any CPU
	EndGlobalSection
	GlobalSection(ProjectConfigurationPlatforms) = postSolution
		{07E6CD64-2347-43FA-9506-9B52F347F3BC}.Debug|Any CPU.ActiveCfg = Debug|Any CPU
		{07E6CD64-2347-43FA-9506-9B52F347F3BC}.Debug|Any CPU.Build.0 = Debug|Any CPU
		{07E6CD64-2347-43FA-9506-9B52F347F3BC}.Release|Any CPU.ActiveCfg = Release|Any CPU
		{07E6CD64-2347-43FA-9506-9B52F347F3BC}.Release|Any CPU.Build.0 = Release|Any CPU
		{4764BE75-6721-4A69-909C-9AB9BAB55AEA}.Debug|Any CPU.ActiveCfg = Debug|Any CPU
		{4764BE75-6721-4A69-909C-9AB9BAB55AEA}.Debug|Any CPU.Build.0 = Debug|Any CPU
		{4764BE75-6721-4A69-909C-9AB9BAB55AEA}.Release|Any CPU.ActiveCfg = Release|Any CPU
		{4764BE75-6721-4A69-909C-9AB9BAB55AEA}.Release|Any CPU.Build.0 = Release|Any CPU
		{4006060C-3AB8-42D4-8B82-A1F6908D7B95}.Debug|Any CPU.ActiveCfg = Debug|Any CPU
		{4006060C-3AB8-42D4-8B82-A1F6908D7B95}.Debug|Any CPU.Build.0 = Debug|Any CPU
		{4006060C-3AB8-42D4-8B82-A1F6908D7B95}.Release|Any CPU.ActiveCfg = Release|Any CPU
		{4006060C-3AB8-42D4-8B82-A1F6908D7B95}.Release|Any CPU.Build.0 = Release|Any CPU
	EndGlobalSection
	GlobalSection(SolutionProperties) = preSolution
		HideSolutionNode = FALSE
	EndGlobalSection
	GlobalSection(ExtensibilityGlobals) = postSolution
		SolutionGuid = {D123B96E-714B-4ED6-B9B3-B38A9F685785}
	EndGlobalSection
EndGlobal
